
Microsoft Visual Studio Solution File, Format Version 12.00
# Visual Studio Version 17
VisualStudioVersion = 17.4.33205.214
MinimumVisualStudioVersion = 10.0.40219.1
Project("{FAE04EC0-301F-11D3-BF4B-00C04F79EFBC}") = "CitryInfo.API", "CitryInfo.API\CitryInfo.API.csproj", "{D6334900-0167-44A0-9355-F53E43B331D6}"
EndProject
Global
	GlobalSection(SolutionConfigurationPlatforms) = preSolution
		Debug|Any CPU = Debug|Any CPU
		Release|Any CPU = Release|Any CPU
	EndGlobalSection
	GlobalSection(ProjectConfigurationPlatforms) = postSolution
		{D6334900-0167-44A0-9355-F53E43B331D6}.Debug|Any CPU.ActiveCfg = Debug|Any CPU
		{D6334900-0167-44A0-9355-F53E43B331D6}.Debug|Any CPU.Build.0 = Debug|Any CPU
		{D6334900-0167-44A0-9355-F53E43B331D6}.Release|Any CPU.ActiveCfg = Release|Any CPU
		{D6334900-0167-44A0-9355-F53E43B331D6}.Release|Any CPU.Build.0 = Release|Any CPU
	EndGlobalSection
	GlobalSection(SolutionProperties) = preSolution
		HideSolutionNode = FALSE
	EndGlobalSection
	GlobalSection(ExtensibilityGlobals) = postSolution
		SolutionGuid = {A6ABAF79-10D9-463C-8DAB-F54D528FCF6B}
	EndGlobalSection
EndGlobal
